
Microsoft Visual Studio Solution File, Format Version 12.00
Project("{FAE04EC0-301F-11D3-BF4B-00C04F79EFBC}") = "Engine", "Engine\Engine.csproj", "{43C37E9D-0F0C-4E0B-BA9E-78FDA229BA12}"
EndProject
Project("{FAE04EC0-301F-11D3-BF4B-00C04F79EFBC}") = "Engine.Tests", "Engine.Tests\Engine.Tests.csproj", "{1D17B31D-823E-4A3D-B840-695659ED9004}"
EndProject
Project("{FAE04EC0-301F-11D3-BF4B-00C04F79EFBC}") = "ConsoleUI", "ConsoleUI\ConsoleUI.csproj", "{610AF433-7AAC-4CE3-93F6-99B400B96FBB}"
EndProject
Project("{FAE04EC0-301F-11D3-BF4B-00C04F79EFBC}") = "Benchmarks", "Benchmarks\Benchmarks.csproj", "{598AAFD9-7B22-4F19-B44B-C930F6F505B3}"
EndProject
Global
	GlobalSection(SolutionConfigurationPlatforms) = preSolution
		Debug|Any CPU = Debug|Any CPU
		Release|Any CPU = Release|Any CPU
	EndGlobalSection
	GlobalSection(ProjectConfigurationPlatforms) = postSolution
		{43C37E9D-0F0C-4E0B-BA9E-78FDA229BA12}.Debug|Any CPU.ActiveCfg = Debug|Any CPU
		{43C37E9D-0F0C-4E0B-BA9E-78FDA229BA12}.Debug|Any CPU.Build.0 = Debug|Any CPU
		{43C37E9D-0F0C-4E0B-BA9E-78FDA229BA12}.Release|Any CPU.ActiveCfg = Release|Any CPU
		{43C37E9D-0F0C-4E0B-BA9E-78FDA229BA12}.Release|Any CPU.Build.0 = Release|Any CPU
		{1D17B31D-823E-4A3D-B840-695659ED9004}.Debug|Any CPU.ActiveCfg = Debug|Any CPU
		{1D17B31D-823E-4A3D-B840-695659ED9004}.Debug|Any CPU.Build.0 = Debug|Any CPU
		{1D17B31D-823E-4A3D-B840-695659ED9004}.Release|Any CPU.ActiveCfg = Release|Any CPU
		{1D17B31D-823E-4A3D-B840-695659ED9004}.Release|Any CPU.Build.0 = Release|Any CPU
		{610AF433-7AAC-4CE3-93F6-99B400B96FBB}.Debug|Any CPU.ActiveCfg = Debug|Any CPU
		{610AF433-7AAC-4CE3-93F6-99B400B96FBB}.Debug|Any CPU.Build.0 = Debug|Any CPU
		{610AF433-7AAC-4CE3-93F6-99B400B96FBB}.Release|Any CPU.ActiveCfg = Release|Any CPU
		{610AF433-7AAC-4CE3-93F6-99B400B96FBB}.Release|Any CPU.Build.0 = Release|Any CPU
		{598AAFD9-7B22-4F19-B44B-C930F6F505B3}.Debug|Any CPU.ActiveCfg = Debug|Any CPU
		{598AAFD9-7B22-4F19-B44B-C930F6F505B3}.Debug|Any CPU.Build.0 = Debug|Any CPU
		{598AAFD9-7B22-4F19-B44B-C930F6F505B3}.Release|Any CPU.ActiveCfg = Release|Any CPU
		{598AAFD9-7B22-4F19-B44B-C930F6F505B3}.Release|Any CPU.Build.0 = Release|Any CPU
	EndGlobalSection
EndGlobal
